
<<<<<<< HEAD
Microsoft Visual Studio Solution File, Format Version 11.00
# Visual Studio 2010
Project("{FAE04EC0-301F-11D3-BF4B-00C04F79EFBC}") = "Assembly-CSharp", "Assembly-CSharp.csproj", "{85490F66-941C-4983-A9D4-1F899ACE2E14}"
=======
Microsoft Visual Studio Solution File, Format Version 12.00
# Visual Studio 2017
Project("{FAE04EC0-301F-11D3-BF4B-00C04F79EFBC}") = "しゃるクエ！", "しゃるクエ！.csproj", "{8F560EBD-663A-3DAD-F578-07F77E8AFB70}"
>>>>>>> dff7cab2c0043810d354245469dbaca30620fdfd
EndProject
Project("{FAE04EC0-301F-11D3-BF4B-00C04F79EFBC}") = "しゃるクエ！.Editor", "しゃるクエ！.Editor.csproj", "{C48BBBE5-A838-4CA1-AFFF-4958A3BDB5BF}"
EndProject
Global
	GlobalSection(SolutionConfigurationPlatforms) = preSolution
		Debug|Any CPU = Debug|Any CPU
		Release|Any CPU = Release|Any CPU
	EndGlobalSection
	GlobalSection(ProjectConfigurationPlatforms) = postSolution
		{8F560EBD-663A-3DAD-F578-07F77E8AFB70}.Debug|Any CPU.ActiveCfg = Debug|Any CPU
		{8F560EBD-663A-3DAD-F578-07F77E8AFB70}.Debug|Any CPU.Build.0 = Debug|Any CPU
		{8F560EBD-663A-3DAD-F578-07F77E8AFB70}.Release|Any CPU.ActiveCfg = Release|Any CPU
		{8F560EBD-663A-3DAD-F578-07F77E8AFB70}.Release|Any CPU.Build.0 = Release|Any CPU
		{C48BBBE5-A838-4CA1-AFFF-4958A3BDB5BF}.Debug|Any CPU.ActiveCfg = Debug|Any CPU
		{C48BBBE5-A838-4CA1-AFFF-4958A3BDB5BF}.Debug|Any CPU.Build.0 = Debug|Any CPU
		{C48BBBE5-A838-4CA1-AFFF-4958A3BDB5BF}.Release|Any CPU.ActiveCfg = Release|Any CPU
		{C48BBBE5-A838-4CA1-AFFF-4958A3BDB5BF}.Release|Any CPU.Build.0 = Release|Any CPU
	EndGlobalSection
	GlobalSection(SolutionProperties) = preSolution
		HideSolutionNode = FALSE
	EndGlobalSection
	GlobalSection(MonoDevelopProperties) = preSolution
		StartupItem = Assembly-CSharp.csproj
	EndGlobalSection
EndGlobal
